
Microsoft Visual Studio Solution File, Format Version 12.00
# Visual Studio Version 16
VisualStudioVersion = 16.0.32002.261
MinimumVisualStudioVersion = 10.0.40219.1
Project("{FAE04EC0-301F-11D3-BF4B-00C04F79EFBC}") = "AddressBook", "AddressBook.csproj", "{BC892AA6-AB86-4E61-9A0A-1B409A5FC895}"
EndProject
Global
	GlobalSection(SolutionConfigurationPlatforms) = preSolution
		Debug|Any CPU = Debug|Any CPU
		Release|Any CPU = Release|Any CPU
	EndGlobalSection
	GlobalSection(ProjectConfigurationPlatforms) = postSolution
		{BC892AA6-AB86-4E61-9A0A-1B409A5FC895}.Debug|Any CPU.ActiveCfg = Debug|Any CPU
		{BC892AA6-AB86-4E61-9A0A-1B409A5FC895}.Debug|Any CPU.Build.0 = Debug|Any CPU
		{BC892AA6-AB86-4E61-9A0A-1B409A5FC895}.Release|Any CPU.ActiveCfg = Release|Any CPU
		{BC892AA6-AB86-4E61-9A0A-1B409A5FC895}.Release|Any CPU.Build.0 = Release|Any CPU
	EndGlobalSection
	GlobalSection(SolutionProperties) = preSolution
		HideSolutionNode = FALSE
	EndGlobalSection
	GlobalSection(ExtensibilityGlobals) = postSolution
		SolutionGuid = {473D90A4-DFBB-413A-9E42-BB6E52BAC6B5}
	EndGlobalSection
EndGlobal
